# THIS IS AN AUTOGENERATED FILE. DO NOT EDIT THIS FILE DIRECTLY.
# yarn lockfile v1


"@rollup/plugin-node-resolve@^6.0.0":
  version "6.0.0"
  resolved "https://registry.npm.taobao.org/@rollup/plugin-node-resolve/download/@rollup/plugin-node-resolve-6.0.0.tgz#f351e29b45c007c17df4e28a0efd0d1f5662f59b"
  integrity sha1-81Him0XAB8F99OKKDv0NH1Zi9Zs=
  dependencies:
    "@rollup/pluginutils" "^3.0.0"
    "@types/resolve" "0.0.8"
    builtin-modules "^3.1.0"
    is-module "^1.0.0"
    resolve "^1.11.1"

"@rollup/plugin-typescript@^2.0.1":
  version "2.0.1"
  resolved "https://registry.npm.taobao.org/@rollup/plugin-typescript/download/@rollup/plugin-typescript-2.0.1.tgz#3f0c2801abd0173edb59b4bb280e7c8c47a25468"
  integrity sha1-PwwoAavQFz7bWbS7KA58jEeiVGg=
  dependencies:
    "@rollup/pluginutils" "^3.0.0"
    resolve "^1.12.2"

"@rollup/pluginutils@^3.0.0":
  version "3.0.1"
  resolved "https://registry.npm.taobao.org/@rollup/pluginutils/download/@rollup/pluginutils-3.0.1.tgz#6923a24c4a0db2917e5c77b1ed7d6721ac7fe58e"
  integrity sha1-aSOiTEoNspF+XHex7X1nIax/5Y4=
  dependencies:
    estree-walker "^0.6.1"

"@types/estree@*":
  version "0.0.41"
  resolved "https://registry.npm.taobao.org/@types/estree/download/@types/estree-0.0.41.tgz#fd90754150b57432b72bf560530500597ff04421"
  integrity sha1-/ZB1QVC1dDK3K/VgUwUAWX/wRCE=

"@types/node@*":
  version "13.1.2"
  resolved "https://registry.npm.taobao.org/@types/node/download/@types/node-13.1.2.tgz?cache=0&sync_timestamp=1577727780099&other_urls=https%3A%2F%2Fregistry.npm.taobao.org%2F%40types%2Fnode%2Fdownload%2F%40types%2Fnode-13.1.2.tgz#fe94285bf5e0782e1a9e5a8c482b1c34465fa385"
  integrity sha1-/pQoW/XgeC4anlqMSCscNEZfo4U=

"@types/resolve@0.0.8":
  version "0.0.8"
  resolved "https://registry.npm.taobao.org/@types/resolve/download/@types/resolve-0.0.8.tgz?cache=0&other_urls=https%3A%2F%2Fregistry.npm.taobao.org%2F%40types%2Fresolve%2Fdownload%2F%40types%2Fresolve-0.0.8.tgz#f26074d238e02659e323ce1a13d041eee280e194"
  integrity sha1-8mB00jjgJlnjI84aE9BB7uKA4ZQ=
  dependencies:
    "@types/node" "*"

acorn@^7.1.0:
  version "7.1.0"
  resolved "https://registry.npm.taobao.org/acorn/download/acorn-7.1.0.tgz?cache=0&other_urls=https%3A%2F%2Fregistry.npm.taobao.org%2Facorn%2Fdownload%2Facorn-7.1.0.tgz#949d36f2c292535da602283586c2477c57eb2d6c"
  integrity sha1-lJ028sKSU12mAig1hsJHfFfrLWw=

builtin-modules@^3.1.0:
  version "3.1.0"
  resolved "https://registry.npm.taobao.org/builtin-modules/download/builtin-modules-3.1.0.tgz#aad97c15131eb76b65b50ef208e7584cd76a7484"
  integrity sha1-qtl8FRMet2tltQ7yCOdYTNdqdIQ=

estree-walker@^0.6.1:
  version "0.6.1"
  resolved "https://registry.npm.taobao.org/estree-walker/download/estree-walker-0.6.1.tgz#53049143f40c6eb918b23671d1fe3219f3a1b362"
  integrity sha1-UwSRQ/QMbrkYsjZx0f4yGfOhs2I=

is-module@^1.0.0:
  version "1.0.0"
  resolved "https://registry.npm.taobao.org/is-module/download/is-module-1.0.0.tgz#3258fb69f78c14d5b815d664336b4cffb6441591"
  integrity sha1-Mlj7afeMFNW4FdZkM2tM/7ZEFZE=

path-parse@^1.0.6:
  version "1.0.6"
  resolved "https://registry.npm.taobao.org/path-parse/download/path-parse-1.0.6.tgz#d62dbb5679405d72c4737ec58600e9ddcf06d24c"
  integrity sha1-1i27VnlAXXLEc37FhgDp3c8G0kw=

resolve@^1.11.1, resolve@^1.12.2:
  version "1.14.1"
  resolved "https://registry.npm.taobao.org/resolve/download/resolve-1.14.1.tgz?cache=0&sync_timestamp=1577139187895&other_urls=https%3A%2F%2Fregistry.npm.taobao.org%2Fresolve%2Fdownload%2Fresolve-1.14.1.tgz#9e018c540fcf0c427d678b9931cbf45e984bcaff"
  integrity sha1-ngGMVA/PDEJ9Z4uZMcv0XphLyv8=
  dependencies:
    path-parse "^1.0.6"

rollup@^1.27.14:
  version "1.27.14"
  resolved "https://registry.npm.taobao.org/rollup/download/rollup-1.27.14.tgz?cache=0&sync_timestamp=1577029997952&other_urls=https%3A%2F%2Fregistry.npm.taobao.org%2Frollup%2Fdownload%2Frollup-1.27.14.tgz#940718d5eec1a6887e399aa0089944bae5c4f377"
  integrity sha1-lAcY1e7Bpoh+OZqgCJlEuuXE83c=
  dependencies:
    "@types/estree" "*"
    "@types/node" "*"
    acorn "^7.1.0"

tslib@^1.10.0:
  version "1.10.0"
  resolved "https://registry.npm.taobao.org/tslib/download/tslib-1.10.0.tgz#c3c19f95973fb0a62973fb09d90d961ee43e5c8a"
  integrity sha1-w8GflZc/sKYpc/sJ2Q2WHuQ+XIo=

typescript@^3.7.4:
  version "3.7.4"
  resolved "https://registry.npm.taobao.org/typescript/download/typescript-3.7.4.tgz#1743a5ec5fef6a1fa9f3e4708e33c81c73876c19"
  integrity sha1-F0Ol7F/vah+p8+RwjjPIHHOHbBk=
